{
  "name": "azunyan",
  "version": "1.0.0",
  "lockfileVersion": 1,
  "requires": true,
  "dependencies": {
    "flag-icon-css": {
      "version": "3.3.0",
      "resolved": "https://registry.npmjs.org/flag-icon-css/-/flag-icon-css-3.3.0.tgz",
      "integrity": "sha512-u5lCGVExrJJRykNGd//ZrBU5Bkt0LTZJFSuG+Az/pwcHgzDeFwomwFbsgVtI1aJd6ysyHsx+5UGrA+nhSGd4yw=="
    },
    "tingle.js": {
      "version": "0.14.0",
      "resolved": "https://registry.npmjs.org/tingle.js/-/tingle.js-0.14.0.tgz",
      "integrity": "sha512-etSON7XEz5QI5mvfAE+ibK9rOCouR0E7UpVeEkCfD0UFPY0+34fYGslyUH3b7g5PC5SZmfg9P93VSSvESacrpg=="
    }
  }
}
