# THIS IS AN AUTOGENERATED FILE. DO NOT EDIT THIS FILE DIRECTLY.
# yarn lockfile v1


"@bower_components/flag-icon-css@lipis/flag-icon-css#^3.1.0":
  version "3.2.1"
  resolved "https://codeload.github.com/lipis/flag-icon-css/tar.gz/dcf77c57d0a98d4474356408f33571bbbec37961"

"@bower_components/tingle@robinparisi/tingle#^0.13.2":
  version "0.13.2"
  resolved "https://codeload.github.com/robinparisi/tingle/tar.gz/43d6d9f0d3815ce24f89cd3f72f5989afdc91ba9"

jquery-lazy@^1.7.10:
  version "1.7.10"
  resolved "https://registry.yarnpkg.com/jquery-lazy/-/jquery-lazy-1.7.10.tgz#aa3d43d058bf1ea89284214f4521f6d9a162d051"
  integrity sha512-1vBpU+igfZJ58BrQrk2OFl3TMriGeIfZUg35uSIajZF4GcxF96NtdS3LbWk5a72rH2ypz0odTsAkqhUsICknhw==
  dependencies:
    jquery ">=1.7.2"

jquery@>=1.7.2:
  version "3.3.1"
  resolved "https://registry.yarnpkg.com/jquery/-/jquery-3.3.1.tgz#958ce29e81c9790f31be7792df5d4d95fc57fbca"
  integrity sha512-Ubldcmxp5np52/ENotGxlLe6aGMvmF4R8S6tZjsP6Knsaxd/xp3Zrh50cG93lR6nPXyUFwzN3ZSOQI0wRJNdGg==
