# THIS IS AN AUTOGENERATED FILE. DO NOT EDIT THIS FILE DIRECTLY.
# yarn lockfile v1


"@bower_components/flag-icon-css@lipis/flag-icon-css#^3.1.0":
  version "3.2.1"
  resolved "https://codeload.github.com/lipis/flag-icon-css/tar.gz/dcf77c57d0a98d4474356408f33571bbbec37961"

"@bower_components/tingle@robinparisi/tingle#^0.13.2":
  version "0.13.2"
  resolved "https://codeload.github.com/robinparisi/tingle/tar.gz/43d6d9f0d3815ce24f89cd3f72f5989afdc91ba9"
